---
lockfileVersion: '9.0'

importers:

  .:
    configDependencies: {}
    packageManagerDependencies:
      '@pnpm/exe':
        specifier: ^11.3.0
        version: 11.3.0
      pnpm:
        specifier: ^11.3.0
        version: 11.3.0

packages:

  '@pnpm/exe@11.3.0':
    resolution: {integrity: sha512-1ItrG3GdA8HC7IUMy79SmYqynjjfwXtIMlbpx9MzrU3ZXMYMfw3yuwjIXW7Aw2z0rRxxa2KtTYcLxqjIaVjUmg==}
    hasBin: true

  '@pnpm/linux-arm64@11.3.0':
    resolution: {integrity: sha512-+VwGD4/l+TrGKwKeGhSkqzO6eJxK7CkYAoh18ORvBMeYXOlWYF66423VyRbrSK67dtvZ2O0nZ82sA5pxVUUWvQ==}
    cpu: [arm64]
    os: [linux]

  '@pnpm/linux-x64@11.3.0':
    resolution: {integrity: sha512-/Csxm8VN18Hcs7vSA83rSk/TTytIVZjgx4K61uLeREClxC7DjAlAc+3jmH9BM615vbUZws821otlWytHRTdVkQ==}
    cpu: [x64]
    os: [linux]

  '@pnpm/linuxstatic-arm64@11.3.0':
    resolution: {integrity: sha512-A+wiDUs+8pitTZw0FjWqdqVk4xXvvM3TwVagh6il54EtPr+JS/BkCc5S1lBYJp+ei2H27TBsfXX7Ff/qFfIC2g==}
    cpu: [arm64]
    os: [linux]
    libc: [musl]

  '@pnpm/linuxstatic-x64@11.3.0':
    resolution: {integrity: sha512-6TuJt6AlUMZbdC3IQfBVKPgUnX9IDEra5DCS2jMHmu26bJZnzEgee8YLuC3j1/xTPrRVbF9Oo5nMbmxUVOCYew==}
    cpu: [x64]
    os: [linux]
    libc: [musl]

  '@pnpm/macos-arm64@11.3.0':
    resolution: {integrity: sha512-MXY3ml1zmFn6m710krku0lrTdapuyD44ipKxwaMVylmIJV/U2Co8tielk2p5KEY2pyHBgR8tBTXnvoTnQZ+tvA==}
    cpu: [arm64]
    os: [darwin]

  '@pnpm/win-arm64@11.3.0':
    resolution: {integrity: sha512-lGjVPngNxeWwlugcO5cAdqWYpnVQ9JMo3gnvUICWsiXRaVi9QYf9aQNNDE8h3E5J+wFQn8zCTv9X3x1eDauFBw==}
    cpu: [arm64]
    os: [win32]

  '@pnpm/win-x64@11.3.0':
    resolution: {integrity: sha512-mq5PnEYv4sCAbIWG2vuicN4qlnxf+epXVpuoBEWR+BhwUS8Bb6GgCcRfhaj9AZW8cAxIz2XXkgb4OvJRAer/4A==}
    cpu: [x64]
    os: [win32]

  '@reflink/reflink-darwin-arm64@0.1.19':
    resolution: {integrity: sha512-ruy44Lpepdk1FqDz38vExBY/PVUsjxZA+chd9wozjUH9JjuDT/HEaQYA6wYN9mf041l0yLVar6BCZuWABJvHSA==}
    engines: {node: '>= 10'}
    cpu: [arm64]
    os: [darwin]

  '@reflink/reflink-darwin-x64@0.1.19':
    resolution: {integrity: sha512-By85MSWrMZa+c26TcnAy8SDk0sTUkYlNnwknSchkhHpGXOtjNDUOxJE9oByBnGbeuIE1PiQsxDG3Ud+IVV9yuA==}
    engines: {node: '>= 10'}
    cpu: [x64]
    os: [darwin]

  '@reflink/reflink-linux-arm64-gnu@0.1.19':
    resolution: {integrity: sha512-7P+er8+rP9iNeN+bfmccM4hTAaLP6PQJPKWSA4iSk2bNvo6KU6RyPgYeHxXmzNKzPVRcypZQTpFgstHam6maVg==}
    engines: {node: '>= 10'}
    cpu: [arm64]
    os: [linux]
    libc: [glibc]

  '@reflink/reflink-linux-arm64-musl@0.1.19':
    resolution: {integrity: sha512-37iO/Dp6m5DDaC2sf3zPtx/hl9FV3Xze4xoYidrxxS9bgP3S8ALroxRK6xBG/1TtfXKTvolvp+IjrUU6ujIGmA==}
    engines: {node: '>= 10'}
    cpu: [arm64]
    os: [linux]
    libc: [musl]

  '@reflink/reflink-linux-x64-gnu@0.1.19':
    resolution: {integrity: sha512-jbI8jvuYCaA3MVUdu8vLoLAFqC+iNMpiSuLbxlAgg7x3K5bsS8nOpTRnkLF7vISJ+rVR8W+7ThXlXlUQ93ulkw==}
    engines: {node: '>= 10'}
    cpu: [x64]
    os: [linux]
    libc: [glibc]

  '@reflink/reflink-linux-x64-musl@0.1.19':
    resolution: {integrity: sha512-e9FBWDe+lv7QKAwtKOt6A2W/fyy/aEEfr0g6j/hWzvQcrzHCsz07BNQYlNOjTfeytrtLU7k449H1PI95jA4OjQ==}
    engines: {node: '>= 10'}
    cpu: [x64]
    os: [linux]
    libc: [musl]

  '@reflink/reflink-win32-arm64-msvc@0.1.19':
    resolution: {integrity: sha512-09PxnVIQcd+UOn4WAW73WU6PXL7DwGS6wPlkMhMg2zlHHG65F3vHepOw06HFCq+N42qkaNAc8AKIabWvtk6cIQ==}
    engines: {node: '>= 10'}
    cpu: [arm64]
    os: [win32]

  '@reflink/reflink-win32-x64-msvc@0.1.19':
    resolution: {integrity: sha512-E//yT4ni2SyhwP8JRjVGWr3cbnhWDiPLgnQ66qqaanjjnMiu3O/2tjCPQXlcGc/DEYofpDc9fvhv6tALQsMV9w==}
    engines: {node: '>= 10'}
    cpu: [x64]
    os: [win32]

  '@reflink/reflink@0.1.19':
    resolution: {integrity: sha512-DmCG8GzysnCZ15bres3N5AHCmwBwYgp0As6xjhQ47rAUTUXxJiK+lLUxaGsX3hd/30qUpVElh05PbGuxRPgJwA==}
    engines: {node: '>= 10'}

  detect-libc@2.1.2:
    resolution: {integrity: sha512-Btj2BOOO83o3WyH59e8MgXsxEQVcarkUOpEYrubB0urwnN10yQ364rsiByU11nZlqWYZm05i/of7io4mzihBtQ==}
    engines: {node: '>=8'}

  pnpm@11.3.0:
    resolution: {integrity: sha512-LEA9ZZRScodnKx9wVjQ6H3w2NANqZ/+r/MKz11ldhDdo+HhxSNG1fPeVbJBga70ZKFfDY68Z6W0tDsnsV0HSFQ==}
    engines: {node: '>=22.13'}
    hasBin: true

snapshots:

  '@pnpm/exe@11.3.0':
    dependencies:
      '@reflink/reflink': 0.1.19
      detect-libc: 2.1.2
    optionalDependencies:
      '@pnpm/linux-arm64': 11.3.0
      '@pnpm/linux-x64': 11.3.0
      '@pnpm/linuxstatic-arm64': 11.3.0
      '@pnpm/linuxstatic-x64': 11.3.0
      '@pnpm/macos-arm64': 11.3.0
      '@pnpm/win-arm64': 11.3.0
      '@pnpm/win-x64': 11.3.0

  '@pnpm/linux-arm64@11.3.0':
    optional: true

  '@pnpm/linux-x64@11.3.0':
    optional: true

  '@pnpm/linuxstatic-arm64@11.3.0':
    optional: true

  '@pnpm/linuxstatic-x64@11.3.0':
    optional: true

  '@pnpm/macos-arm64@11.3.0':
    optional: true

  '@pnpm/win-arm64@11.3.0':
    optional: true

  '@pnpm/win-x64@11.3.0':
    optional: true

  '@reflink/reflink-darwin-arm64@0.1.19':
    optional: true

  '@reflink/reflink-darwin-x64@0.1.19':
    optional: true

  '@reflink/reflink-linux-arm64-gnu@0.1.19':
    optional: true

  '@reflink/reflink-linux-arm64-musl@0.1.19':
    optional: true

  '@reflink/reflink-linux-x64-gnu@0.1.19':
    optional: true

  '@reflink/reflink-linux-x64-musl@0.1.19':
    optional: true

  '@reflink/reflink-win32-arm64-msvc@0.1.19':
    optional: true

  '@reflink/reflink-win32-x64-msvc@0.1.19':
    optional: true

  '@reflink/reflink@0.1.19':
    optionalDependencies:
      '@reflink/reflink-darwin-arm64': 0.1.19
      '@reflink/reflink-darwin-x64': 0.1.19
      '@reflink/reflink-linux-arm64-gnu': 0.1.19
      '@reflink/reflink-linux-arm64-musl': 0.1.19
      '@reflink/reflink-linux-x64-gnu': 0.1.19
      '@reflink/reflink-linux-x64-musl': 0.1.19
      '@reflink/reflink-win32-arm64-msvc': 0.1.19
      '@reflink/reflink-win32-x64-msvc': 0.1.19

  detect-libc@2.1.2: {}

  pnpm@11.3.0: {}

---
lockfileVersion: '9.0'

settings:
  autoInstallPeers: true
  excludeLinksFromLockfile: false

importers:

  .:
    devDependencies:
      '@types/react':
        specifier: ^18.3.29
        version: 18.3.29
      react:
        specifier: ^19.2.6
        version: 19.2.6
      tsdown:
        specifier: ^0.5.2
        version: 0.5.10(typescript@5.9.3)
      typescript:
        specifier: ^5.4.5
        version: 5.9.3

  packages/core:
    devDependencies:
      tsdown:
        specifier: latest
        version: 0.22.0(publint@0.3.21)(typescript@6.0.3)
      typescript:
        specifier: latest
        version: 6.0.3

  packages/react:
    dependencies:
      '@korphere/oasis-core':
        specifier: workspace:*
        version: link:../core
      react:
        specifier: '>=18.0.0'
        version: 19.2.6
    devDependencies:
      '@types/react':
        specifier: ^18.0.0
        version: 18.3.29
      tsdown:
        specifier: latest
        version: 0.22.0(publint@0.3.21)(typescript@6.0.3)
      typescript:
        specifier: latest
        version: 6.0.3

packages:

  '@babel/code-frame@7.29.7':
    resolution: {integrity: sha512-Aup7aUOfpbAUg2ROOJN6Iw5f9DMBlzu0mIkm/malLQFN/YQgO48wCj0Kxa3sEHJvPVFg7siR+qRInwXd2qhQKw==}
    engines: {node: '>=6.9.0'}

  '@babel/generator@8.0.0-rc.5':
    resolution: {integrity: sha512-nFZPWz3FHIS7y6rMIVoa/WBwjdutfIaRJIBQjzn+t3RnecZoRNlGmGcyR2wb0T/IgSd50Kz/6dG8/LvMCRunjg==}
    engines: {node: ^22.18.0 || >=24.11.0}

  '@babel/helper-string-parser@8.0.0-rc.6':
    resolution: {integrity: sha512-BCkFy+zN6kXQed3YOT7aJl93NfDSzQc3pBfsvTVPs9gU9X3V0aefEF5kwBT0E+mDWH9QgKaZstYUQN9VdQZT4g==}
    engines: {node: ^22.18.0 || >=24.11.0}

  '@babel/helper-validator-identifier@7.29.7':
    resolution: {integrity: sha512-qehxGkRj55h/ff8EMaJ+cYhyaKlHIxqYDn682wQD7RNp9UujOQsHog2uS0r2vzr4pW+sXf90NeeayjcNaX3fFg==}
    engines: {node: '>=6.9.0'}

  '@babel/helper-validator-identifier@8.0.0-rc.5':
    resolution: {integrity: sha512-ehJDxHvtbZ85RtX/L2fi0h9AGsBNqB5Euv1EB8RMAvGYvD+2X+QbpzzOpbklnNXO+WSZJNOaetw2BBj27xsWVg==}
    engines: {node: ^22.18.0 || >=24.11.0}

  '@babel/helper-validator-identifier@8.0.0-rc.6':
    resolution: {integrity: sha512-nVJ+1JcCgntv8d78rRo++o2wuODT0Irknx2BF8Np4Ft2CRgjLqIs4qzSZ8b66yGbBdMWGmZBO9WEZv1hhNiSpg==}
    engines: {node: ^22.18.0 || >=24.11.0}

  '@babel/parser@8.0.0-rc.4':
    resolution: {integrity: sha512-0S/1yefMa15N4i2v3t8Fw9pgMHhf2gF6Lc1UEXI96Ls6FNAjqvHHZouZ2ZS/deqLhbMFtmfVeFac6iTsvFbLwA==}
    engines: {node: ^20.19.0 || >=22.12.0}
    hasBin: true

  '@babel/parser@8.0.0-rc.6':
    resolution: {integrity: sha512-rOS8IpdO7mQELkTPlCsTgPejO0bFuZdEDCGQJouYbYf9e1FLTym7Fei2pEjq8q7MWbX0ravcd7QQYKs1TxOuog==}
    engines: {node: ^22.18.0 || >=24.11.0}
    hasBin: true

  '@babel/types@8.0.0-rc.6':
    resolution: {integrity: sha512-p7/ABylAYlexb31wtRdIfH9L9A0Z2T/9H6zAqzqndkY2PLkvNNc580wGhp/gGKN4Sp9sQvSkhc6Oga8/O+wTyw==}
    engines: {node: ^22.18.0 || >=24.11.0}

  '@emnapi/core@1.10.0':
    resolution: {integrity: sha512-yq6OkJ4p82CAfPl0u9mQebQHKPJkY7WrIuk205cTYnYe+k2Z8YBh11FrbRG/H6ihirqcacOgl2BIO8oyMQLeXw==}

  '@emnapi/runtime@1.10.0':
    resolution: {integrity: sha512-ewvYlk86xUoGI0zQRNq/mC+16R1QeDlKQy21Ki3oSYXNgLb45GV1P6A0M+/s6nyCuNDqe5VpaY84BzXGwVbwFA==}

  '@emnapi/wasi-threads@1.2.1':
    resolution: {integrity: sha512-uTII7OYF+/Mes/MrcIOYp5yOtSMLBWSIoLPpcgwipoiKbli6k322tcoFsxoIIxPDqW01SQGAgko4EzZi2BNv2w==}

  '@jridgewell/gen-mapping@0.3.13':
    resolution: {integrity: sha512-2kkt/7niJ6MgEPxF0bYdQ6etZaA+fQvDcLKckhy1yIQOzaoKjBBjSj63/aLVjYE3qhRt5dvM+uUyfCg6UKCBbA==}

  '@jridgewell/remapping@2.3.5':
    resolution: {integrity: sha512-LI9u/+laYG4Ds1TDKSJW2YPrIlcVYOwi2fUC6xB43lueCjgxV4lffOCZCtYFiH6TNOX+tQKXx97T4IKHbhyHEQ==}

  '@jridgewell/resolve-uri@3.1.2':
    resolution: {integrity: sha512-bRISgCIjP20/tbWSPWMEi54QVPRZExkuD9lJL+UIxUKtwVJA8wW1Trb1jMs1RFXo1CBTNZ/5hpC9QvmKWdopKw==}
    engines: {node: '>=6.0.0'}

  '@jridgewell/sourcemap-codec@1.5.5':
    resolution: {integrity: sha512-cYQ9310grqxueWbl+WuIUIaiUaDcj7WOq5fVhEljNVgRfOUhY9fy2zTvfoqWsnebh8Sl70VScFbICvJnLKB0Og==}

  '@jridgewell/trace-mapping@0.3.31':
    resolution: {integrity: sha512-zzNR+SdQSDJzc8joaeP8QQoCQr8NuYx2dIIytl1QeBEZHJ9uW6hebsrYgbz8hJwUQao3TWCMtmfV8Nu1twOLAw==}

  '@napi-rs/wasm-runtime@1.1.4':
    resolution: {integrity: sha512-3NQNNgA1YSlJb/kMH1ildASP9HW7/7kYnRI2szWJaofaS1hWmbGI4H+d3+22aGzXXN9IJ+n+GiFVcGipJP18ow==}
    peerDependencies:
      '@emnapi/core': ^1.7.1
      '@emnapi/runtime': ^1.7.1

  '@oxc-parser/binding-darwin-arm64@0.51.0':
    resolution: {integrity: sha512-/e7+bNVVLm35qFToVjRzFpYpEXc6JYl2UOBGKwxmGovby8zWyeO+AlvX93JawVbk9+ht/VxJuXS27KHxsedqqw==}
    cpu: [arm64]
    os: [darwin]

  '@oxc-parser/binding-darwin-x64@0.51.0':
    resolution: {integrity: sha512-xRV6ZBA/bBPriRtxC2c3rl1PNeKmXYfZtujwciNkLTaneOYzKuatYV1FHJFgSzLRod/oaEeSwn3q/uYd77vwYQ==}
    cpu: [x64]
    os: [darwin]

  '@oxc-parser/binding-linux-arm64-gnu@0.51.0':
    resolution: {integrity: sha512-WgScqMulaLtNhtKRYsOrY8WI5Apt/wjuvpc/2axE5hdZBsvB5aDgaGig8MYPHHuQWPeH4ennizKrL3UMKZZpBA==}
    cpu: [arm64]
    os: [linux]
    libc: [glibc]

  '@oxc-parser/binding-linux-arm64-musl@0.51.0':
    resolution: {integrity: sha512-Dt8JvLI53JsfJ3ewb1WNgarVfkCUA9kK39peJPNFrUZ0D3T+ja4Ibc/4eN9/sAr+iqRL/ocWxts8ZAqt4ntbCA==}
    cpu: [arm64]
    os: [linux]
    libc: [musl]

  '@oxc-parser/binding-linux-x64-gnu@0.51.0':
    resolution: {integrity: sha512-R6l1s51v119bsPETpcka1AE+lKoPI8NFzdUWFxv/cqc8jzRwpSVu4LsItKWdLFjiBGxj4D8NbsmOVm9G+QMofQ==}
    cpu: [x64]
    os: [linux]
    libc: [glibc]

  '@oxc-parser/binding-linux-x64-musl@0.51.0':
    resolution: {integrity: sha512-Tu3L7MneVq6tm7x8oBB4Bvg74J6xhyU2b6vbaEK9CSHFmHssSfITs8aDxX/ZAboiXZe3fBYGqHT6gbcUfHxRGQ==}
    cpu: [x64]
    os: [linux]
    libc: [musl]

  '@oxc-parser/binding-win32-arm64-msvc@0.51.0':
    resolution: {integrity: sha512-VQJMqPUn6/qN8tNV54UW9m4125+gbmgtzOBCTAkuKjSRZ+efpSScWp6TNYX3A4ZzeBl/7N7TbxvXQYasbNj94A==}
    cpu: [arm64]
    os: [win32]

  '@oxc-parser/binding-win32-x64-msvc@0.51.0':
    resolution: {integrity: sha512-60OTzCk9N8V6hJfBL/4EfeSmZUdrf6TuRRK6lpJcwIJJb/Y8G8vIBnKhkjo/CGJPJEuGOo1+oAJ/g+hdtiKTCQ==}
    cpu: [x64]
    os: [win32]

  '@oxc-project/types@0.132.0':
    resolution: {integrity: sha512-FESMOxil5Se014ui/Eq8fT5uHJo6nIRwH0PfJrZJXs6Gek3ZVFOrpUv3YIZT20m+extU98Hg1Ym72U58rlsxUQ==}

  '@oxc-project/types@0.51.0':
    resolution: {integrity: sha512-rDHFQBU2lS0Fh1t1rgvSWK21OfgkzjIWqj+FKKRJueecgvdZ6hO+qqstwBy2v9lFhg2DPuaDdLyCXZNGwsKjMw==}

  '@publint/pack@0.1.4':
    resolution: {integrity: sha512-HDVTWq3H0uTXiU0eeSQntcVUTPP3GamzeXI41+x7uU9J65JgWQh3qWZHblR1i0npXfFtF+mxBiU2nJH8znxWnQ==}
    engines: {node: '>=18'}

  '@quansync/fs@1.0.0':
    resolution: {integrity: sha512-4TJ3DFtlf1L5LDMaM6CanJ/0lckGNtJcMjQ1NAV6zDmA0tEHKZtxNKin8EgPaVX1YzljbxckyT2tJrpQKAtngQ==}

  '@rolldown/binding-android-arm64@1.0.2':
    resolution: {integrity: sha512-ZS4D1JPGn/MYQN/SYDWftIE/nVsM8j/AFOYEzAoOE2O3NktQOZru+/vYXGbR/qtdLdIfGCP0lcoJiYVzsEz+iQ==}
    engines: {node: ^20.19.0 || >=22.12.0}
    cpu: [arm64]
    os: [android]

  '@rolldown/binding-darwin-arm64@1.0.2':
    resolution: {integrity: sha512-vdFA9+C/rekyGce7WqHs/xoT0ioZEWaOFyZLIV1mEeNFaFDUQrPIo8Vs2GvJ6eetb3rzDUtUBgzto3ExpXJB3w==}
    engines: {node: ^20.19.0 || >=22.12.0}
    cpu: [arm64]
    os: [darwin]

  '@rolldown/binding-darwin-x64@1.0.2':
    resolution: {integrity: sha512-BewSOwTHazv77DTYiAZXSqqKZ4KP/KonFisDMVU7PImxoWfB2aepnPhd2E4SWz3zDzYgDNbs6jBmTdgNnF02GA==}
    engines: {node: ^20.19.0 || >=22.12.0}
    cpu: [x64]
    os: [darwin]

  '@rolldown/binding-freebsd-x64@1.0.2':
    resolution: {integrity: sha512-m41o7M0YWtUdqk61Tb+jnKb2rN++iRdIASlExkUoKfIAH30DOHCB8fVLzSUpbWHHU8esmEioY62PxzexE8MBuA==}
    engines: {node: ^20.19.0 || >=22.12.0}
    cpu: [x64]
    os: [freebsd]

  '@rolldown/binding-linux-arm-gnueabihf@1.0.2':
    resolution: {integrity: sha512-jcojB9H7W/jS29pMKWAK1N+fU99vXodHDTatS3b3y/XSOCiHo0kkA74pL3jJmkoQtYpOCxDvaKs1fo2Ij/1X5w==}
    engines: {node: ^20.19.0 || >=22.12.0}
    cpu: [arm]
    os: [linux]

  '@rolldown/binding-linux-arm64-gnu@1.0.2':
    resolution: {integrity: sha512-1jn6qDU5iiOgFgygDzKUuKP0maTi0/f1+sBLgvij/76C77Nm3ts6ufz9Bjg5q5dduxiUIxtq86JIoBvo1xQ4Ig==}
    engines: {node: ^20.19.0 || >=22.12.0}
    cpu: [arm64]
    os: [linux]
    libc: [glibc]

  '@rolldown/binding-linux-arm64-musl@1.0.2':
    resolution: {integrity: sha512-QVLO/czFMdoMFSqlX3bcswcJNm/23r+qoa/jgtmFc/qEp6/jXmIkDjF/XIo8dPfGaiwy1xfQn8o77L79GeXFgw==}
    engines: {node: ^20.19.0 || >=22.12.0}
    cpu: [arm64]
    os: [linux]
    libc: [musl]

  '@rolldown/binding-linux-ppc64-gnu@1.0.2':
    resolution: {integrity: sha512-hgO5Abm0w5UL6FEa2iFnZqo2KlK7TQ5QhV5x09hujBf7t5KzHQ1VmfPuTpqRy/rNlSxua3eWH374xxiVrP+lcA==}
    engines: {node: ^20.19.0 || >=22.12.0}
    cpu: [ppc64]
    os: [linux]
    libc: [glibc]

  '@rolldown/binding-linux-s390x-gnu@1.0.2':
    resolution: {integrity: sha512-fy8rXxuYEu602abC8MUNaPjYLIFzReOaEIEMKMUa0rFEUxNpVXhs15KSSQ4qlqSaM7B6rcj9rDZgADh/IGDzLQ==}
    engines: {node: ^20.19.0 || >=22.12.0}
    cpu: [s390x]
    os: [linux]
    libc: [glibc]

  '@rolldown/binding-linux-x64-gnu@1.0.2':
    resolution: {integrity: sha512-0+bOkiQ779+r1WpoHOWHqncvyySci0vKph+myNDYb+im6meJAzHQXay6oEgnkHuUGouM1LKTZwqKpBow6Kj7CQ==}
    engines: {node: ^20.19.0 || >=22.12.0}
    cpu: [x64]
    os: [linux]
    libc: [glibc]

  '@rolldown/binding-linux-x64-musl@1.0.2':
    resolution: {integrity: sha512-mjSkrzZK5Qsl0a9d1JgILOiuZOSDTVdKENcSXBoqbzSrspLR/4/IRVDo5wd2GgZjNss/viBFJdeq+j7qH2nypw==}
    engines: {node: ^20.19.0 || >=22.12.0}
    cpu: [x64]
    os: [linux]
    libc: [musl]

  '@rolldown/binding-openharmony-arm64@1.0.2':
    resolution: {integrity: sha512-1v5vHasdfQAZoEHakBV72LIFAC9JjnymsiKxp+GEr/ma3+NJCPSaYK+qavInOovJkgwFrs7GccX2d6IgDA3Z5w==}
    engines: {node: ^20.19.0 || >=22.12.0}
    cpu: [arm64]
    os: [openharmony]

  '@rolldown/binding-wasm32-wasi@1.0.2':
    resolution: {integrity: sha512-mb1VobWn6NheziTk5/WEaR6AKVbrwT5sOi6C7zk3gy/pD1qtJfU1j4PgTo2NJnOtbL9Dl3Aeei8w9jJ7qC2jZQ==}
    engines: {node: ^20.19.0 || >=22.12.0}
    cpu: [wasm32]

  '@rolldown/binding-win32-arm64-msvc@1.0.2':
    resolution: {integrity: sha512-SqKonF56vA/L2yHwHYcEp2P34URpOZ7d1fS635cTkpDnUtEGdUbhI6NzsPdqeSWvAAeGDrxjWjNmibDIdFf9/A==}
    engines: {node: ^20.19.0 || >=22.12.0}
    cpu: [arm64]
    os: [win32]

  '@rolldown/binding-win32-x64-msvc@1.0.2':
    resolution: {integrity: sha512-v7qRI7gXLRINcOGXt+7YmAZ6iFuyZVMIoXAxhd8oP+DR9dLfL9GfNIx7PLMxmhZdvq8waUJBQiWN9EKNy+TRBQ==}
    engines: {node: ^20.19.0 || >=22.12.0}
    cpu: [x64]
    os: [win32]

  '@rolldown/pluginutils@1.0.1':
    resolution: {integrity: sha512-2j9bGt5Jh8hj+vPtgzPtl72j0yRxHAyumoo6TNfAjsLB04UtpSvPbPcDcBMxz7n+9CYB0c1GxQFxYRg2jimqGw==}

  '@rollup/rollup-android-arm-eabi@4.60.4':
    resolution: {integrity: sha512-F5QXMSiFebS9hKZj02XhWLLnRpJ3B3AROP0tWbFBSj+6kCbg5m9j5JoHKd4mmSVy5mS/IMQloYgYxCuJC0fxEQ==}
    cpu: [arm]
    os: [android]

  '@rollup/rollup-android-arm64@4.60.4':
    resolution: {integrity: sha512-GxxTKApUpzRhof7poWvCJHRF51C67u1R7D6DiluBE8wKU1u5GWE8t+v81JvJYtbawoBFX1hLv5Ei4eVjkWokaw==}
    cpu: [arm64]
    os: [android]

  '@rollup/rollup-darwin-arm64@4.60.4':
    resolution: {integrity: sha512-tua0TaJxMOB1R0V0RS1jFZ/RpURFDJIOR2A6jWwQeawuFyS4gBW+rntLRaQd0EQ4bd6Vp44Z2rXW+YYDBsj6IA==}
    cpu: [arm64]
    os: [darwin]

  '@rollup/rollup-darwin-x64@4.60.4':
    resolution: {integrity: sha512-CSKq7MsP+5PFIcydhAiR1K0UhEI1A2jWXVKHPCBZ151yOutENwvnPocgVHkivu2kviURtCEB6zUQw0vs8RrhMg==}
    cpu: [x64]
    os: [darwin]

  '@rollup/rollup-freebsd-arm64@4.60.4':
    resolution: {integrity: sha512-+O8OkVdyvXMtJEciu2wS/pzm1IxntEEQx3z5TAVy4l32G0etZn+RsA48ARRrFm6Ri8fvqPQfgrvNxSjKAbnd3g==}
    cpu: [arm64]
    os: [freebsd]

  '@rollup/rollup-freebsd-x64@4.60.4':
    resolution: {integrity: sha512-Iw3oMskH3AfNuhU0MSN7vNbdi4me/NiYo2azqPz/Le16zHSa+3RRmliCMWWQmh4lcndccU40xcJuTYJZxNo/lw==}
    cpu: [x64]
    os: [freebsd]

  '@rollup/rollup-linux-arm-gnueabihf@4.60.4':
    resolution: {integrity: sha512-EIPRXTVQpHyF8WOo219AD2yEltPehLTcTMz2fn6JsatLYSzQf00hj3rulF+yauOlF9/FtM2WpkT/hJh/KJFGhA==}
    cpu: [arm]
    os: [linux]
    libc: [glibc]

  '@rollup/rollup-linux-arm-musleabihf@4.60.4':
    resolution: {integrity: sha512-J3Yh9PzzF1Ovah2At+lHiGQdsYgArxBbXv/zHfSyaiFQEqvNv7DcW98pCrmdjCZBrqBiKrKKe2V+aaSGWuBe/w==}
    cpu: [arm]
    os: [linux]
    libc: [musl]

  '@rollup/rollup-linux-arm64-gnu@4.60.4':
    resolution: {integrity: sha512-BFDEZMYfUvLn37ONE1yMBojPxnMlTFsdyNoqncT0qFq1mAfllL+ATMMJd8TeuVMiX84s1KbcxcZbXInmcO2mRg==}
    cpu: [arm64]
    os: [linux]
    libc: [glibc]

  '@rollup/rollup-linux-arm64-musl@4.60.4':
    resolution: {integrity: sha512-pc9EYOSlOgdQ2uPl1o9PF6/kLSgaUosia7gOuS8mB69IxJvlclko1MECXysjs5ryez1/5zjYqx3+xYU0TU6R1A==}
    cpu: [arm64]
    os: [linux]
    libc: [musl]

  '@rollup/rollup-linux-loong64-gnu@4.60.4':
    resolution: {integrity: sha512-NxnomyxYerDh5n4iLrNa+sH+Z+U4BMEE46V2PgQ/hoB909i8gV1M5wPojWg9fk1jWpO3IQnOs20K4wyZuFLEFQ==}
    cpu: [loong64]
    os: [linux]
    libc: [glibc]

  '@rollup/rollup-linux-loong64-musl@4.60.4':
    resolution: {integrity: sha512-nbJnQ8a3z1mtmrwImCYhc6BGpThAyYVRQxw9uKSKG4wR6aAYno9sVjJ0zaZcW9BPJX1GbrDPf+SvdWjgTuDmnw==}
    cpu: [loong64]
    os: [linux]
    libc: [musl]

  '@rollup/rollup-linux-ppc64-gnu@4.60.4':
    resolution: {integrity: sha512-2EU6acNrQLd8tYvo/LXW535wupT3m6fo7HKo6lr7ktQoItxTyOL1ZCR/GfGCuXl2vR+zmfI6eRXkSemafv+iVg==}
    cpu: [ppc64]
    os: [linux]
    libc: [glibc]

  '@rollup/rollup-linux-ppc64-musl@4.60.4':
    resolution: {integrity: sha512-WeBtoMuaMxiiIrO2IYP3xs6GMWkJP2C0EoT8beTLkUPmzV1i/UcOSVw1d5r9KBODtHKilG5yFxsGRnBbK3wJ4A==}
    cpu: [ppc64]
    os: [linux]
    libc: [musl]

  '@rollup/rollup-linux-riscv64-gnu@4.60.4':
    resolution: {integrity: sha512-FJHFfqpKUI3A10WrWKiFbBZ7yVbGT4q4B5o1qKFFojqpaYoh9LrQgqWCmmcxQzVSXYtyB5bzkXrYzlHTs21MYA==}
    cpu: [riscv64]
    os: [linux]
    libc: [glibc]

  '@rollup/rollup-linux-riscv64-musl@4.60.4':
    resolution: {integrity: sha512-mcEl6CUT5IAUmQf1m9FYSmVqCJlpQ8r8eyftFUHG8i9OhY7BkBXSUdnLH5DOf0wCOjcP9v/QO93zpmF1SptCCw==}
    cpu: [riscv64]
    os: [linux]
    libc: [musl]

  '@rollup/rollup-linux-s390x-gnu@4.60.4':
    resolution: {integrity: sha512-ynt3JxVd2w2buzoKDWIyiV1pJW93xlQic1THVLXilz429oijRpSHivZAgp65KBu+cMcgf1eVVjdnTLvPxgCuoQ==}
    cpu: [s390x]
    os: [linux]
    libc: [glibc]

  '@rollup/rollup-linux-x64-gnu@4.60.4':
    resolution: {integrity: sha512-Boiz5+MsaROEWDf+GGEwF8VMHGhlUoQMtIPjOgA5fv4osupqTVnJteQNKJwUcnUog2G55jYXH7KZFFiJe0TEzQ==}
    cpu: [x64]
    os: [linux]
    libc: [glibc]

  '@rollup/rollup-linux-x64-musl@4.60.4':
    resolution: {integrity: sha512-+qfSY27qIrFfI/Hom04KYFw3GKZSGU4lXus51wsb5EuySfFlWRwjkKWoE9emgRw/ukoT4Udsj4W/+xxG8VbPKg==}
    cpu: [x64]
    os: [linux]
    libc: [musl]

  '@rollup/rollup-openbsd-x64@4.60.4':
    resolution: {integrity: sha512-VpTfOPHgVXEBeeR8hZ2O0F3aSso+JDWqTWmTmzcQKted54IAdUVbxE+j/MVxUsKa8L20HJhv3vUezVPoquqWjA==}
    cpu: [x64]
    os: [openbsd]

  '@rollup/rollup-openharmony-arm64@4.60.4':
    resolution: {integrity: sha512-IPOsh5aRYuLv/nkU51X10Bf75Bsf6+gZdx1X+QP5QM6lIJFHHqbHLG0uJn/hWthzo13UAc2umiUorqZy3axoZg==}
    cpu: [arm64]
    os: [openharmony]

  '@rollup/rollup-win32-arm64-msvc@4.60.4':
    resolution: {integrity: sha512-4QzE9E81OohJ/HKzHhsqU+zcYYojVOXlFMs1DdyMT6qXl/niOH7AVElmmEdUNHHS/oRkc++d5k6Vy85zFs0DEw==}
    cpu: [arm64]
    os: [win32]

  '@rollup/rollup-win32-ia32-msvc@4.60.4':
    resolution: {integrity: sha512-zTPgT1YuHHcd+Tmx7h8aml0FWFVelV5N54oHow9SLj+GfoDy/huQ+UV396N/C7KpMDMiPspRktzM1/0r1usYEA==}
    cpu: [ia32]
    os: [win32]

  '@rollup/rollup-win32-x64-gnu@4.60.4':
    resolution: {integrity: sha512-DRS4G7mi9lJxqEDezIkKCaUIKCrLUUDCUaCsTPCi/rtqaC6D/jjwslMQyiDU50Ka0JKpeXeRBFBAXwArY52vBw==}
    cpu: [x64]
    os: [win32]

  '@rollup/rollup-win32-x64-msvc@4.60.4':
    resolution: {integrity: sha512-QVTUovf40zgTqlFVrKA1uXMVvU2QWEFWfAH8Wdc48IxLvrJMQVMBRjuQyUpzZCDkakImib9eVazbWlC6ksWtJw==}
    cpu: [x64]
    os: [win32]

  '@tybys/wasm-util@0.10.2':
    resolution: {integrity: sha512-RoBvJ2X0wuKlWFIjrwffGw1IqZHKQqzIchKaadZZfnNpsAYp2mM0h36JtPCjNDAHGgYez/15uMBpfGwchhiMgg==}

  '@types/estree@1.0.8':
    resolution: {integrity: sha512-dWHzHa2WqEXI/O1E9OjrocMTKJl2mSrEolh1Iomrv6U+JuNwaHXsXx9bLu5gG7BUWFIN0skIQJQ/L1rIex4X6w==}

  '@types/estree@1.0.9':
    resolution: {integrity: sha512-GhdPgy1el4/ImP05X05Uw4cw2/M93BCUmnEvWZNStlCzEKME4Fkk+YpoA5OiHNQmoS7Cafb8Xa3Pya8m1Qrzeg==}

  '@types/jsesc@2.5.1':
    resolution: {integrity: sha512-9VN+6yxLOPLOav+7PwjZbxiID2bVaeq0ED4qSQmdQTdjnXJSaCVKTR58t15oqH1H5t8Ng2ZX1SabJVoN9Q34bw==}

  '@types/prop-types@15.7.15':
    resolution: {integrity: sha512-F6bEyamV9jKGAFBEmlQnesRPGOQqS2+Uwi0Em15xenOxHaf2hv6L8YCVn3rPdPJOiJfPiCnLIRyvwVaqMY3MIw==}

  '@types/react@18.3.29':
    resolution: {integrity: sha512-ch0qJdr2JY0r04NXSprbK6TXOgnaJ1Tz23fm5W+z0/CBah6BSBc3n96h7K9GOtwh0HrilNWHIBzE1Ko4Dcw/Wg==}

  acorn@8.16.0:
    resolution: {integrity: sha512-UVJyE9MttOsBQIDKw1skb9nAwQuR5wuGD3+82K6JgJlm/Y+KI92oNsMNGZCYdDsVtRHSak0pcV5Dno5+4jh9sw==}
    engines: {node: '>=0.4.0'}
    hasBin: true

  ansis@4.3.0:
    resolution: {integrity: sha512-44mvgtPvohuU/70DdY5Oz2AIrLJ9k6/5x4KmoSvPwO+5Moijo0+N9D0fKbbYZQWP1hNm5CpOf+E01jhxG/r8xg==}
    engines: {node: '>=14'}

  ast-kit@3.0.0-beta.1:
    resolution: {integrity: sha512-trmleAnZ2PxN/loHWVhhx1qeOHSRXq4TDsBBxq3GqeJitfk3+jTQ+v/C1km/KYq9M7wKqCewMh+/NAvVH7m+bw==}
    engines: {node: '>=20.19.0'}

  birpc@4.0.0:
    resolution: {integrity: sha512-LShSxJP0KTmd101b6DRyGBj57LZxSDYWKitQNW/mi8GRMvZb078Uf9+pveax1DrVL89vm7mWe+TovdI/UDOuPw==}

  cac@6.7.14:
    resolution: {integrity: sha512-b6Ilus+c3RrdDk+JhLKUAQfzzgLEPy6wcXqS7f/xe1EETvsDP6GORG7SFuOs6cID5YkqchW/LXZbX5bc8j7ZcQ==}
    engines: {node: '>=8'}

  cac@7.0.0:
    resolution: {integrity: sha512-tixWYgm5ZoOD+3g6UTea91eow5z6AAHaho3g0V9CNSNb45gM8SmflpAc+GRd1InC4AqN/07Unrgp56Y94N9hJQ==}
    engines: {node: '>=20.19.0'}

  chokidar@4.0.3:
    resolution: {integrity: sha512-Qgzu8kfBvo+cA4962jnP1KkS6Dop5NS6g7R5LFYJr4b8Ub94PPQXUksCw9PvXoeXPRRddRNC5C1JQUR2SMGtnA==}
    engines: {node: '>= 14.16.0'}

  confbox@0.1.8:
    resolution: {integrity: sha512-RMtmw0iFkeR4YV+fUOSucriAQNb9g8zFR52MWCtl+cCZOFRNL6zeB395vPzFhEjjn4fMxXudmELnl/KF/WrK6w==}

  confbox@0.2.4:
    resolution: {integrity: sha512-ysOGlgTFbN2/Y6Cg3Iye8YKulHw+R2fNXHrgSmXISQdMnomY6eNDprVdW9R5xBguEqI954+S6709UyiO7B+6OQ==}

  consola@3.4.2:
    resolution: {integrity: sha512-5IKcdX0nnYavi6G7TtOhwkYzyjfJlatbjMjuLSfE2kYT5pMDOilZ4OvMhi637CcDICTmz3wARPoyhqyX1Y+XvA==}
    engines: {node: ^14.18.0 || >=16.10.0}

  convert-source-map@2.0.0:
    resolution: {integrity: sha512-Kvp459HrV2FEJ1CAsi1Ku+MY3kasH19TFykTz2xWmMeq6bk2NU3XXvfJ+Q61m0xktWwt+1HSYf3JZsTms3aRJg==}

  csstype@3.2.3:
    resolution: {integrity: sha512-z1HGKcYy2xA8AGQfwrn0PAy+PB7X/GSj3UVJW9qKyn43xWa+gl5nXmU4qqLMRzWVLFC8KusUX8T/0kCiOYpAIQ==}

  debug@4.4.3:
    resolution: {integrity: sha512-RGwwWnwQvkVfavKVt22FGLw+xYSdzARwm0ru6DhTVA3umU5hZc28V3kO4stgYryrTlLpuvgI9GiijltAjNbcqA==}
    engines: {node: '>=6.0'}
    peerDependencies:
      supports-color: '*'
    peerDependenciesMeta:
      supports-color:
        optional: true

  defu@6.1.7:
    resolution: {integrity: sha512-7z22QmUWiQ/2d0KkdYmANbRUVABpZ9SNYyH5vx6PZ+nE5bcC0l7uFvEfHlyld/HcGBFTL536ClDt3DEcSlEJAQ==}

  diff@7.0.0:
    resolution: {integrity: sha512-PJWHUb1RFevKCwaFA9RlG5tCd+FO5iRh9A8HEtkmBH2Li03iJriB6m6JIN4rGz3K3JLawI7/veA1xzRKP6ISBw==}
    engines: {node: '>=0.3.1'}

  dts-resolver@3.0.0:
    resolution: {integrity: sha512-1T1f+z+4tl9XD+m+0HBgWoL/nm0bOIffyWaUuUSBlFg/86IWvfx+wjNaO/ybU0AJzG9/Mi5hBUgGV6zCmWEN7Q==}
    engines: {node: ^22.18.0 || >=24.0.0}
    peerDependencies:
      oxc-resolver: '>=11.0.0'
    peerDependenciesMeta:
      oxc-resolver:
        optional: true

  empathic@2.0.1:
    resolution: {integrity: sha512-YGRs8knHhKHVShLkFET/rWAU8kmHbOV5LwN938RHI0pljAJ1Gf6SzXsSmRaEzcXTtOOmVqJ5+WtQPL5uigY50Q==}
    engines: {node: '>=14'}

  estree-walker@3.0.3:
    resolution: {integrity: sha512-7RUKfXgSMMkzt6ZuXmqapOurLGPPfgj6l9uRZ7lRGolvk0y2yocc35LdcxKC5PQZdn2DMqioAQ2NoWcrTKmm6g==}

  exsolve@1.0.8:
    resolution: {integrity: sha512-LmDxfWXwcTArk8fUEnOfSZpHOJ6zOMUJKOtFLFqJLoKJetuQG874Uc7/Kki7zFLzYybmZhp1M7+98pfMqeX8yA==}

  fdir@6.5.0:
    resolution: {integrity: sha512-tIbYtZbucOs0BRGqPJkshJUYdL+SDH7dVM8gjy+ERp3WAUjLEFJE+02kanyHtwjWOnwrKYBiwAmM0p4kLJAnXg==}
    engines: {node: '>=12.0.0'}
    peerDependencies:
      picomatch: ^3 || ^4
    peerDependenciesMeta:
      picomatch:
        optional: true

  fsevents@2.3.3:
    resolution: {integrity: sha512-5xoDfX+fL7faATnagmWPpbFtwh/R77WmMMqqHGS65C3vvB0YHrgF+B1YmZ3441tMj5n63k0212XNoJwzlhffQw==}
    engines: {node: ^8.16.0 || ^10.6.0 || >=11.0.0}
    os: [darwin]

  get-tsconfig@5.0.0-beta.5:
    resolution: {integrity: sha512-/6gFNr0N04nob252sTQxyFLi3eKFRqIg1I87YcqAMT1i6SQrSF6KujUEQrtrjMV0H/eejTCltLdDSTEMzHbnsQ==}
    engines: {node: '>=20.20.0'}

  hookable@6.1.1:
    resolution: {integrity: sha512-U9LYDy1CwhMCnprUfeAZWZGByVbhd54hwepegYTK7Pi5NvqEj63ifz5z+xukznehT7i6NIZRu89Ay1AZmRsLEQ==}

  import-without-cache@0.4.0:
    resolution: {integrity: sha512-NkJQA7oZ4YHQhd2+H3BoRFKF3d/XNsiKpHZCQEMH9pDX27hQQLsTyOocyRgaIVtf8gHX3Nt3LPkR4e5EdtPAGQ==}
    engines: {node: ^22.18.0 || >=24.0.0}

  jiti@2.7.0:
    resolution: {integrity: sha512-AC/7JofJvZGrrneWNaEnJeOLUx+JlGt7tNa0wZiRPT4MY1wmfKjt2+6O2p2uz2+skll8OZZmJMNqeke7kKbNgQ==}
    hasBin: true

  js-tokens@4.0.0:
    resolution: {integrity: sha512-RdJUflcE3cUzKiMqQgsCu06FPu9UdIJO0beYbPhHN4k6apgJtifcoCtT9bcxOpYBtpD2kCM6Sbzg4CausW/PKQ==}

  js-tokens@9.0.1:
    resolution: {integrity: sha512-mxa9E9ITFOt0ban3j6L5MpjwegGz6lBQmM1IJkWeBZGcMxto50+eWdjC/52xDbS2vy0k7vIMK0Fe2wfL9OQSpQ==}

  jsesc@3.1.0:
    resolution: {integrity: sha512-/sM3dO2FOzXjKQhJuo0Q173wf2KOo8t4I8vHy6lF9poUp7bKT0/NHE8fPX23PwfhnykfqnC2xRxOnVw5XuGIaA==}
    engines: {node: '>=6'}
    hasBin: true

  magic-string@0.30.21:
    resolution: {integrity: sha512-vd2F4YUyEXKGcLHoq+TEyCjxueSeHnFxyyjNp80yg0XV4vUhnDer/lvvlqM/arB5bXQN5K2/3oinyCRyx8T2CQ==}

  mlly@1.8.2:
    resolution: {integrity: sha512-d+ObxMQFmbt10sretNDytwt85VrbkhhUA/JBGm1MPaWJ65Cl4wOgLaB1NYvJSZ0Ef03MMEU/0xpPMXUIQ29UfA==}

  mri@1.2.0:
    resolution: {integrity: sha512-tzzskb3bG8LvYGFF/mDTpq3jpI6Q9wc3LEmBaghu+DdCssd1FakN7Bc0hVNmEyGq1bq3RgfkCb3cmQLpNPOroA==}
    engines: {node: '>=4'}

  ms@2.1.3:
    resolution: {integrity: sha512-6FlzubTLZG3J2a/NVCAleEhjzq5oxgHyaCU9yYXvcLsvoVaHJq/s5xXI6/XXP6tz7R9xAOtHnSO/tXtF3WRTlA==}

  obug@2.1.1:
    resolution: {integrity: sha512-uTqF9MuPraAQ+IsnPf366RG4cP9RtUi7MLO1N3KEc+wb0a6yKpeL0lmk2IB1jY5KHPAlTc6T/JRdC/YqxHNwkQ==}

  oxc-parser@0.51.0:
    resolution: {integrity: sha512-IXcs/e4cFoAogqCGqzrUI0jWxktAb89qVqFcHZLxAWkQU4QoO1IKDsaSvG03Uw/7WUcp7QMR1b92D9GnsSFIBQ==}

  package-manager-detector@1.6.0:
    resolution: {integrity: sha512-61A5ThoTiDG/C8s8UMZwSorAGwMJ0ERVGj2OjoW5pAalsNOg15+iQiPzrLJ4jhZ1HJzmC2PIHT2oEiH3R5fzNA==}

  pathe@2.0.3:
    resolution: {integrity: sha512-WUjGcAqP1gQacoQe+OBJsFA7Ld4DyXuUIjZ5cc75cLHvJ7dtNsTugphxIADwspS+AraAUePCKrSVtPLFj/F88w==}

  picocolors@1.1.1:
    resolution: {integrity: sha512-xceH2snhtb5M9liqDsmEw56le376mTZkEX/jEb/RxNFyegNul7eNslCXP9FDj/Lcu0X8KEyMceP2ntpaHrDEVA==}

  picomatch@4.0.4:
    resolution: {integrity: sha512-QP88BAKvMam/3NxH6vj2o21R6MjxZUAd6nlwAS/pnGvN9IVLocLHxGYIzFhg6fUQ+5th6P4dv4eW9jX3DSIj7A==}
    engines: {node: '>=12'}

  pkg-types@1.3.1:
    resolution: {integrity: sha512-/Jm5M4RvtBFVkKWRu2BLUTNP8/M2a+UwuAX+ae4770q1qVGtfjG+WTCupoZixokjmHiry8uI+dlY8KXYV5HVVQ==}

  pkg-types@2.3.1:
    resolution: {integrity: sha512-y+ichcgc2LrADuhLNAx8DFjVfgz91pRxfZdI3UDhxHvcVEZsenLO+7XaU5vOp0u/7V/wZ+plyuQxtrDlZJ+yeg==}

  publint@0.3.21:
    resolution: {integrity: sha512-OqejcnMV6E9zel2oCrUOJEiiFkGiAAni0A6ibfQNh1k9Gu5z4F+Yso8lllam7AzmV6Do0vp7u3UpZNRBwuXaHQ==}
    engines: {node: '>=18'}
    hasBin: true

  quansync@1.0.0:
    resolution: {integrity: sha512-5xZacEEufv3HSTPQuchrvV6soaiACMFnq1H8wkVioctoH3TRha9Sz66lOxRwPK/qZj7HPiSveih9yAyh98gvqA==}

  react@19.2.6:
    resolution: {integrity: sha512-sfWGGfavi0xr8Pg0sVsyHMAOziVYKgPLNrS7ig+ivMNb3wbCBw3KxtflsGBAwD3gYQlE/AEZsTLgToRrSCjb0Q==}
    engines: {node: '>=0.10.0'}

  readdirp@4.1.2:
    resolution: {integrity: sha512-GDhwkLfywWL2s6vEjyhri+eXmfH6j1L7JE27WhqLeYzoh/A3DBaYGEj2H/HFZCn/kMfim73FXxEJTw06WtxQwg==}
    engines: {node: '>= 14.18.0'}

  resolve-pkg-maps@1.0.0:
    resolution: {integrity: sha512-seS2Tj26TBVOC2NIc2rOe2y2ZO7efxITtLZcGSOnHHNOQ7CkiUBfw0Iw2ck6xkIhPwLhKNLS8BO+hEpngQlqzw==}

  rolldown-plugin-dts@0.25.1:
    resolution: {integrity: sha512-zK82aC/8z1iVW+g0bCnlQZq04Y5bNeL/RcRwTYBwsnU6wH0N+6vpIFkN7JC0kYRS5qKA+pxQyfIPvXJ6Q5xSpQ==}
    engines: {node: ^22.18.0 || >=24.0.0}
    peerDependencies:
      '@ts-macro/tsc': ^0.3.6
      '@typescript/native-preview': '>=7.0.0-dev.20260325.1'
      rolldown: ^1.0.0
      typescript: ^5.0.0 || ^6.0.0
      vue-tsc: ~3.2.0
    peerDependenciesMeta:
      '@ts-macro/tsc':
        optional: true
      '@typescript/native-preview':
        optional: true
      typescript:
        optional: true
      vue-tsc:
        optional: true

  rolldown@1.0.2:
    resolution: {integrity: sha512-oZx5zVDtVB44AW3eaifgDml1gWRDZGvjcfdxonE4swNPG98PrrXjaO/KrnUjzlMnztCCRVlUueA1kCXhARGk6g==}
    engines: {node: ^20.19.0 || >=22.12.0}
    hasBin: true

  rollup-plugin-dts@6.4.1:
    resolution: {integrity: sha512-l//F3Zf7ID5GoOfLfD8kroBjQKEKpy1qfhtAdnpibFZMffPaylrg1CoDC2vGkPeTeyxUe4bVFCln2EFuL7IGGg==}
    engines: {node: '>=20'}
    peerDependencies:
      rollup: ^3.29.4 || ^4
      typescript: ^4.5 || ^5.0 || ^6.0

  rollup@4.60.4:
    resolution: {integrity: sha512-WHeFSbZYsPu3+bLoNRUuAO+wavNlocOPf3wSHTP7hcFKVnJeWsYlCDbr3mTS14FCizf9ccIxXA8sGL8zKeQN3g==}
    engines: {node: '>=18.0.0', npm: '>=8.0.0'}
    hasBin: true

  sade@1.8.1:
    resolution: {integrity: sha512-xal3CZX1Xlo/k4ApwCFrHVACi9fBqJ7V+mwhBsuf/1IOKbBy098Fex+Wa/5QMubw09pSZ/u8EY8PWgevJsXp1A==}
    engines: {node: '>=6'}

  semver@7.8.1:
    resolution: {integrity: sha512-rkVq3IXh+4FDGch+KwzX3aV9W3kO54GyEgpvBzSyctDA6Xtd7RJQV1xmXbeQp5v7+VzLOfVqiutSE6GICgPFvg==}
    engines: {node: '>=10'}
    hasBin: true

  tinyexec@1.2.2:
    resolution: {integrity: sha512-M/Q0B2cp4K7kynaT/vnED1j8TlLY+Pp7C6Wl2bl/7u/F0mUVwdyOpwomQb8JpYLitHUssAJRmLZdMCGsrx7i+g==}
    engines: {node: '>=18'}

  tinyglobby@0.2.16:
    resolution: {integrity: sha512-pn99VhoACYR8nFHhxqix+uvsbXineAasWm5ojXoN8xEwK5Kd3/TrhNn1wByuD52UxWRLy8pu+kRMniEi6Eq9Zg==}
    engines: {node: '>=12.0.0'}

  tree-kill@1.2.2:
    resolution: {integrity: sha512-L0Orpi8qGpRG//Nd+H90vFB+3iHnue1zSSGmNOOCh1GLJ7rUKVwV2HvijphGQS2UmhUZewS9VgvxYIdgr+fG1A==}
    hasBin: true

  tsdown@0.22.0:
    resolution: {integrity: sha512-FgW0hHb27nGQA/+F3d5+U9wKXkfilk9DVkc5+7x/ZqF03g+Hoz/eeApT32jqxATt9eRoR+1jxk7MUMON+O4CXw==}
    engines: {node: ^22.18.0 || >=24.0.0}
    hasBin: true
    peerDependencies:
      '@arethetypeswrong/core': ^0.18.1
      '@tsdown/css': 0.22.0
      '@tsdown/exe': 0.22.0
      '@vitejs/devtools': '*'
      publint: ^0.3.8
      tsx: '*'
      typescript: ^5.0.0 || ^6.0.0
      unplugin-unused: ^0.5.0
      unrun: '*'
    peerDependenciesMeta:
      '@arethetypeswrong/core':
        optional: true
      '@tsdown/css':
        optional: true
      '@tsdown/exe':
        optional: true
      '@vitejs/devtools':
        optional: true
      publint:
        optional: true
      tsx:
        optional: true
      typescript:
        optional: true
      unplugin-unused:
        optional: true
      unrun:
        optional: true

  tsdown@0.5.10:
    resolution: {integrity: sha512-4ITSP8xBf6//WnaGuuV+gGI413jV8SPu8X3WtazOgTGde/zt9KNAxFwZ9fZCaA5YAR8od544J6OShCwFtLmr+g==}
    engines: {node: '>=18.0.0'}
    hasBin: true

  tslib@2.8.1:
    resolution: {integrity: sha512-oJFu94HQb+KVduSUQL7wnpmqnfmLsOA/nAh6b6EH0wCEoK0/mPeXU6c3wKDV83MkOuHPRHtSXKKU99IBazS/2w==}

  typescript@5.9.3:
    resolution: {integrity: sha512-jl1vZzPDinLr9eUt3J/t7V6FgNEw9QjvBPdysz9KfQDD41fQrC2Y4vKQdiaUpFT4bXlb1RHhLpp8wtm6M5TgSw==}
    engines: {node: '>=14.17'}
    hasBin: true

  typescript@6.0.3:
    resolution: {integrity: sha512-y2TvuxSZPDyQakkFRPZHKFm+KKVqIisdg9/CZwm9ftvKXLP8NRWj38/ODjNbr43SsoXqNuAisEf1GdCxqWcdBw==}
    engines: {node: '>=14.17'}
    hasBin: true

  ufo@1.6.4:
    resolution: {integrity: sha512-JFNbkD1Svwe0KvGi8GOeLcP4kAWQ609twvCdcHxq1oSL8svv39ZuSvajcD8B+5D0eL4+s1Is2D/O6KN3qcTeRA==}

  unconfig-core@7.5.0:
    resolution: {integrity: sha512-Su3FauozOGP44ZmKdHy2oE6LPjk51M/TRRjHv2HNCWiDvfvCoxC2lno6jevMA91MYAdCdwP05QnWdWpSbncX/w==}

  unconfig@7.5.0:
    resolution: {integrity: sha512-oi8Qy2JV4D3UQ0PsopR28CzdQ3S/5A1zwsUwp/rosSbfhJ5z7b90bIyTwi/F7hCLD4SGcZVjDzd4XoUQcEanvA==}

  unplugin-isolated-decl@0.11.2:
    resolution: {integrity: sha512-D6nTHHMo9FpJzdpfiGyeBUBPBnJF76LgU8kL6lNRP6SMu7+QC1EV4zuGi8nPinJNIo++5HM2I7sVReC1WcE8jg==}
    engines: {node: '>=18.12.0'}
    peerDependencies:
      '@swc/core': ^1.6.6
      oxc-transform: '>=0.42.0'
      typescript: ^5.5.2
    peerDependenciesMeta:
      '@swc/core':
        optional: true
      oxc-transform:
        optional: true
      typescript:
        optional: true

  unplugin-unused@0.4.4:
    resolution: {integrity: sha512-UrXdGkPb9BRuqIpXj254Auz+kZhAMJ9q9xj9nVqGB3O9Hgc+WnIijkZLVut2IWct/aiO6ZhBCsYha1vlcKYn5A==}
    engines: {node: '>=18.12.0'}

  unplugin-utils@0.2.5:
    resolution: {integrity: sha512-gwXJnPRewT4rT7sBi/IvxKTjsms7jX7QIDLOClApuZwR49SXbrB1z2NLUZ+vDHyqCj/n58OzRRqaW+B8OZi8vg==}
    engines: {node: '>=18.12.0'}

  unplugin@2.3.11:
    resolution: {integrity: sha512-5uKD0nqiYVzlmCRs01Fhs2BdkEgBS3SAVP6ndrBsuK42iC2+JHyxM05Rm9G8+5mkmRtzMZGY8Ct5+mliZxU/Ww==}
    engines: {node: '>=18.12.0'}

  webpack-virtual-modules@0.6.2:
    resolution: {integrity: sha512-66/V2i5hQanC51vBQKPH4aI8NMAcBW59FVBs+rC7eGHupMyfn34q7rZIE+ETlJ+XTevqfUhVVBgSUNSW2flEUQ==}

snapshots:

  '@babel/code-frame@7.29.7':
    dependencies:
      '@babel/helper-validator-identifier': 7.29.7
      js-tokens: 4.0.0
      picocolors: 1.1.1
    optional: true

  '@babel/generator@8.0.0-rc.5':
    dependencies:
      '@babel/parser': 8.0.0-rc.6
      '@babel/types': 8.0.0-rc.6
      '@jridgewell/gen-mapping': 0.3.13
      '@jridgewell/trace-mapping': 0.3.31
      '@types/jsesc': 2.5.1
      jsesc: 3.1.0

  '@babel/helper-string-parser@8.0.0-rc.6': {}

  '@babel/helper-validator-identifier@7.29.7':
    optional: true

  '@babel/helper-validator-identifier@8.0.0-rc.5': {}

  '@babel/helper-validator-identifier@8.0.0-rc.6': {}

  '@babel/parser@8.0.0-rc.4':
    dependencies:
      '@babel/types': 8.0.0-rc.6

  '@babel/parser@8.0.0-rc.6':
    dependencies:
      '@babel/types': 8.0.0-rc.6

  '@babel/types@8.0.0-rc.6':
    dependencies:
      '@babel/helper-string-parser': 8.0.0-rc.6
      '@babel/helper-validator-identifier': 8.0.0-rc.6

  '@emnapi/core@1.10.0':
    dependencies:
      '@emnapi/wasi-threads': 1.2.1
      tslib: 2.8.1
    optional: true

  '@emnapi/runtime@1.10.0':
    dependencies:
      tslib: 2.8.1
    optional: true

  '@emnapi/wasi-threads@1.2.1':
    dependencies:
      tslib: 2.8.1
    optional: true

  '@jridgewell/gen-mapping@0.3.13':
    dependencies:
      '@jridgewell/sourcemap-codec': 1.5.5
      '@jridgewell/trace-mapping': 0.3.31

  '@jridgewell/remapping@2.3.5':
    dependencies:
      '@jridgewell/gen-mapping': 0.3.13
      '@jridgewell/trace-mapping': 0.3.31

  '@jridgewell/resolve-uri@3.1.2': {}

  '@jridgewell/sourcemap-codec@1.5.5': {}

  '@jridgewell/trace-mapping@0.3.31':
    dependencies:
      '@jridgewell/resolve-uri': 3.1.2
      '@jridgewell/sourcemap-codec': 1.5.5

  '@napi-rs/wasm-runtime@1.1.4(@emnapi/core@1.10.0)(@emnapi/runtime@1.10.0)':
    dependencies:
      '@emnapi/core': 1.10.0
      '@emnapi/runtime': 1.10.0
      '@tybys/wasm-util': 0.10.2
    optional: true

  '@oxc-parser/binding-darwin-arm64@0.51.0':
    optional: true

  '@oxc-parser/binding-darwin-x64@0.51.0':
    optional: true

  '@oxc-parser/binding-linux-arm64-gnu@0.51.0':
    optional: true

  '@oxc-parser/binding-linux-arm64-musl@0.51.0':
    optional: true

  '@oxc-parser/binding-linux-x64-gnu@0.51.0':
    optional: true

  '@oxc-parser/binding-linux-x64-musl@0.51.0':
    optional: true

  '@oxc-parser/binding-win32-arm64-msvc@0.51.0':
    optional: true

  '@oxc-parser/binding-win32-x64-msvc@0.51.0':
    optional: true

  '@oxc-project/types@0.132.0': {}

  '@oxc-project/types@0.51.0': {}

  '@publint/pack@0.1.4': {}

  '@quansync/fs@1.0.0':
    dependencies:
      quansync: 1.0.0

  '@rolldown/binding-android-arm64@1.0.2':
    optional: true

  '@rolldown/binding-darwin-arm64@1.0.2':
    optional: true

  '@rolldown/binding-darwin-x64@1.0.2':
    optional: true

  '@rolldown/binding-freebsd-x64@1.0.2':
    optional: true

  '@rolldown/binding-linux-arm-gnueabihf@1.0.2':
    optional: true

  '@rolldown/binding-linux-arm64-gnu@1.0.2':
    optional: true

  '@rolldown/binding-linux-arm64-musl@1.0.2':
    optional: true

  '@rolldown/binding-linux-ppc64-gnu@1.0.2':
    optional: true

  '@rolldown/binding-linux-s390x-gnu@1.0.2':
    optional: true

  '@rolldown/binding-linux-x64-gnu@1.0.2':
    optional: true

  '@rolldown/binding-linux-x64-musl@1.0.2':
    optional: true

  '@rolldown/binding-openharmony-arm64@1.0.2':
    optional: true

  '@rolldown/binding-wasm32-wasi@1.0.2':
    dependencies:
      '@emnapi/core': 1.10.0
      '@emnapi/runtime': 1.10.0
      '@napi-rs/wasm-runtime': 1.1.4(@emnapi/core@1.10.0)(@emnapi/runtime@1.10.0)
    optional: true

  '@rolldown/binding-win32-arm64-msvc@1.0.2':
    optional: true

  '@rolldown/binding-win32-x64-msvc@1.0.2':
    optional: true

  '@rolldown/pluginutils@1.0.1': {}

  '@rollup/rollup-android-arm-eabi@4.60.4':
    optional: true

  '@rollup/rollup-android-arm64@4.60.4':
    optional: true

  '@rollup/rollup-darwin-arm64@4.60.4':
    optional: true

  '@rollup/rollup-darwin-x64@4.60.4':
    optional: true

  '@rollup/rollup-freebsd-arm64@4.60.4':
    optional: true

  '@rollup/rollup-freebsd-x64@4.60.4':
    optional: true

  '@rollup/rollup-linux-arm-gnueabihf@4.60.4':
    optional: true

  '@rollup/rollup-linux-arm-musleabihf@4.60.4':
    optional: true

  '@rollup/rollup-linux-arm64-gnu@4.60.4':
    optional: true

  '@rollup/rollup-linux-arm64-musl@4.60.4':
    optional: true

  '@rollup/rollup-linux-loong64-gnu@4.60.4':
    optional: true

  '@rollup/rollup-linux-loong64-musl@4.60.4':
    optional: true

  '@rollup/rollup-linux-ppc64-gnu@4.60.4':
    optional: true

  '@rollup/rollup-linux-ppc64-musl@4.60.4':
    optional: true

  '@rollup/rollup-linux-riscv64-gnu@4.60.4':
    optional: true

  '@rollup/rollup-linux-riscv64-musl@4.60.4':
    optional: true

  '@rollup/rollup-linux-s390x-gnu@4.60.4':
    optional: true

  '@rollup/rollup-linux-x64-gnu@4.60.4':
    optional: true

  '@rollup/rollup-linux-x64-musl@4.60.4':
    optional: true

  '@rollup/rollup-openbsd-x64@4.60.4':
    optional: true

  '@rollup/rollup-openharmony-arm64@4.60.4':
    optional: true

  '@rollup/rollup-win32-arm64-msvc@4.60.4':
    optional: true

  '@rollup/rollup-win32-ia32-msvc@4.60.4':
    optional: true

  '@rollup/rollup-win32-x64-gnu@4.60.4':
    optional: true

  '@rollup/rollup-win32-x64-msvc@4.60.4':
    optional: true

  '@tybys/wasm-util@0.10.2':
    dependencies:
      tslib: 2.8.1
    optional: true

  '@types/estree@1.0.8': {}

  '@types/estree@1.0.9': {}

  '@types/jsesc@2.5.1': {}

  '@types/prop-types@15.7.15': {}

  '@types/react@18.3.29':
    dependencies:
      '@types/prop-types': 15.7.15
      csstype: 3.2.3

  acorn@8.16.0: {}

  ansis@4.3.0: {}

  ast-kit@3.0.0-beta.1:
    dependencies:
      '@babel/parser': 8.0.0-rc.4
      estree-walker: 3.0.3
      pathe: 2.0.3

  birpc@4.0.0: {}

  cac@6.7.14: {}

  cac@7.0.0: {}

  chokidar@4.0.3:
    dependencies:
      readdirp: 4.1.2

  confbox@0.1.8: {}

  confbox@0.2.4: {}

  consola@3.4.2: {}

  convert-source-map@2.0.0: {}

  csstype@3.2.3: {}

  debug@4.4.3:
    dependencies:
      ms: 2.1.3

  defu@6.1.7: {}

  diff@7.0.0: {}

  dts-resolver@3.0.0: {}

  empathic@2.0.1: {}

  estree-walker@3.0.3:
    dependencies:
      '@types/estree': 1.0.9

  exsolve@1.0.8: {}

  fdir@6.5.0(picomatch@4.0.4):
    optionalDependencies:
      picomatch: 4.0.4

  fsevents@2.3.3:
    optional: true

  get-tsconfig@5.0.0-beta.5:
    dependencies:
      resolve-pkg-maps: 1.0.0

  hookable@6.1.1: {}

  import-without-cache@0.4.0: {}

  jiti@2.7.0: {}

  js-tokens@4.0.0:
    optional: true

  js-tokens@9.0.1: {}

  jsesc@3.1.0: {}

  magic-string@0.30.21:
    dependencies:
      '@jridgewell/sourcemap-codec': 1.5.5

  mlly@1.8.2:
    dependencies:
      acorn: 8.16.0
      pathe: 2.0.3
      pkg-types: 1.3.1
      ufo: 1.6.4

  mri@1.2.0: {}

  ms@2.1.3: {}

  obug@2.1.1: {}

  oxc-parser@0.51.0:
    dependencies:
      '@oxc-project/types': 0.51.0
    optionalDependencies:
      '@oxc-parser/binding-darwin-arm64': 0.51.0
      '@oxc-parser/binding-darwin-x64': 0.51.0
      '@oxc-parser/binding-linux-arm64-gnu': 0.51.0
      '@oxc-parser/binding-linux-arm64-musl': 0.51.0
      '@oxc-parser/binding-linux-x64-gnu': 0.51.0
      '@oxc-parser/binding-linux-x64-musl': 0.51.0
      '@oxc-parser/binding-win32-arm64-msvc': 0.51.0
      '@oxc-parser/binding-win32-x64-msvc': 0.51.0

  package-manager-detector@1.6.0: {}

  pathe@2.0.3: {}

  picocolors@1.1.1: {}

  picomatch@4.0.4: {}

  pkg-types@1.3.1:
    dependencies:
      confbox: 0.1.8
      mlly: 1.8.2
      pathe: 2.0.3

  pkg-types@2.3.1:
    dependencies:
      confbox: 0.2.4
      exsolve: 1.0.8
      pathe: 2.0.3

  publint@0.3.21:
    dependencies:
      '@publint/pack': 0.1.4
      package-manager-detector: 1.6.0
      picocolors: 1.1.1
      sade: 1.8.1

  quansync@1.0.0: {}

  react@19.2.6: {}

  readdirp@4.1.2: {}

  resolve-pkg-maps@1.0.0: {}

  rolldown-plugin-dts@0.25.1(rolldown@1.0.2)(typescript@6.0.3):
    dependencies:
      '@babel/generator': 8.0.0-rc.5
      '@babel/helper-validator-identifier': 8.0.0-rc.5
      '@babel/parser': 8.0.0-rc.4
      ast-kit: 3.0.0-beta.1
      birpc: 4.0.0
      dts-resolver: 3.0.0
      get-tsconfig: 5.0.0-beta.5
      obug: 2.1.1
      rolldown: 1.0.2
    optionalDependencies:
      typescript: 6.0.3
    transitivePeerDependencies:
      - oxc-resolver

  rolldown@1.0.2:
    dependencies:
      '@oxc-project/types': 0.132.0
      '@rolldown/pluginutils': 1.0.1
    optionalDependencies:
      '@rolldown/binding-android-arm64': 1.0.2
      '@rolldown/binding-darwin-arm64': 1.0.2
      '@rolldown/binding-darwin-x64': 1.0.2
      '@rolldown/binding-freebsd-x64': 1.0.2
      '@rolldown/binding-linux-arm-gnueabihf': 1.0.2
      '@rolldown/binding-linux-arm64-gnu': 1.0.2
      '@rolldown/binding-linux-arm64-musl': 1.0.2
      '@rolldown/binding-linux-ppc64-gnu': 1.0.2
      '@rolldown/binding-linux-s390x-gnu': 1.0.2
      '@rolldown/binding-linux-x64-gnu': 1.0.2
      '@rolldown/binding-linux-x64-musl': 1.0.2
      '@rolldown/binding-openharmony-arm64': 1.0.2
      '@rolldown/binding-wasm32-wasi': 1.0.2
      '@rolldown/binding-win32-arm64-msvc': 1.0.2
      '@rolldown/binding-win32-x64-msvc': 1.0.2

  rollup-plugin-dts@6.4.1(rollup@4.60.4)(typescript@5.9.3):
    dependencies:
      '@jridgewell/remapping': 2.3.5
      '@jridgewell/sourcemap-codec': 1.5.5
      convert-source-map: 2.0.0
      magic-string: 0.30.21
      rollup: 4.60.4
      typescript: 5.9.3
    optionalDependencies:
      '@babel/code-frame': 7.29.7

  rollup@4.60.4:
    dependencies:
      '@types/estree': 1.0.8
    optionalDependencies:
      '@rollup/rollup-android-arm-eabi': 4.60.4
      '@rollup/rollup-android-arm64': 4.60.4
      '@rollup/rollup-darwin-arm64': 4.60.4
      '@rollup/rollup-darwin-x64': 4.60.4
      '@rollup/rollup-freebsd-arm64': 4.60.4
      '@rollup/rollup-freebsd-x64': 4.60.4
      '@rollup/rollup-linux-arm-gnueabihf': 4.60.4
      '@rollup/rollup-linux-arm-musleabihf': 4.60.4
      '@rollup/rollup-linux-arm64-gnu': 4.60.4
      '@rollup/rollup-linux-arm64-musl': 4.60.4
      '@rollup/rollup-linux-loong64-gnu': 4.60.4
      '@rollup/rollup-linux-loong64-musl': 4.60.4
      '@rollup/rollup-linux-ppc64-gnu': 4.60.4
      '@rollup/rollup-linux-ppc64-musl': 4.60.4
      '@rollup/rollup-linux-riscv64-gnu': 4.60.4
      '@rollup/rollup-linux-riscv64-musl': 4.60.4
      '@rollup/rollup-linux-s390x-gnu': 4.60.4
      '@rollup/rollup-linux-x64-gnu': 4.60.4
      '@rollup/rollup-linux-x64-musl': 4.60.4
      '@rollup/rollup-openbsd-x64': 4.60.4
      '@rollup/rollup-openharmony-arm64': 4.60.4
      '@rollup/rollup-win32-arm64-msvc': 4.60.4
      '@rollup/rollup-win32-ia32-msvc': 4.60.4
      '@rollup/rollup-win32-x64-gnu': 4.60.4
      '@rollup/rollup-win32-x64-msvc': 4.60.4
      fsevents: 2.3.3

  sade@1.8.1:
    dependencies:
      mri: 1.2.0

  semver@7.8.1: {}

  tinyexec@1.2.2: {}

  tinyglobby@0.2.16:
    dependencies:
      fdir: 6.5.0(picomatch@4.0.4)
      picomatch: 4.0.4

  tree-kill@1.2.2: {}

  tsdown@0.22.0(publint@0.3.21)(typescript@6.0.3):
    dependencies:
      ansis: 4.3.0
      cac: 7.0.0
      defu: 6.1.7
      empathic: 2.0.1
      hookable: 6.1.1
      import-without-cache: 0.4.0
      obug: 2.1.1
      picomatch: 4.0.4
      rolldown: 1.0.2
      rolldown-plugin-dts: 0.25.1(rolldown@1.0.2)(typescript@6.0.3)
      semver: 7.8.1
      tinyexec: 1.2.2
      tinyglobby: 0.2.16
      tree-kill: 1.2.2
      unconfig-core: 7.5.0
    optionalDependencies:
      publint: 0.3.21
      typescript: 6.0.3
    transitivePeerDependencies:
      - '@ts-macro/tsc'
      - '@typescript/native-preview'
      - oxc-resolver
      - vue-tsc

  tsdown@0.5.10(typescript@5.9.3):
    dependencies:
      cac: 6.7.14
      chokidar: 4.0.3
      consola: 3.4.2
      debug: 4.4.3
      diff: 7.0.0
      picocolors: 1.1.1
      pkg-types: 1.3.1
      publint: 0.3.21
      rolldown: 1.0.2
      rollup: 4.60.4
      rollup-plugin-dts: 6.4.1(rollup@4.60.4)(typescript@5.9.3)
      tinyglobby: 0.2.16
      unconfig: 7.5.0
      unplugin-isolated-decl: 0.11.2(typescript@5.9.3)
      unplugin-unused: 0.4.4
    transitivePeerDependencies:
      - '@swc/core'
      - oxc-transform
      - supports-color
      - typescript

  tslib@2.8.1:
    optional: true

  typescript@5.9.3: {}

  typescript@6.0.3: {}

  ufo@1.6.4: {}

  unconfig-core@7.5.0:
    dependencies:
      '@quansync/fs': 1.0.0
      quansync: 1.0.0

  unconfig@7.5.0:
    dependencies:
      '@quansync/fs': 1.0.0
      defu: 6.1.7
      jiti: 2.7.0
      quansync: 1.0.0
      unconfig-core: 7.5.0

  unplugin-isolated-decl@0.11.2(typescript@5.9.3):
    dependencies:
      debug: 4.4.3
      magic-string: 0.30.21
      oxc-parser: 0.51.0
      unplugin: 2.3.11
      unplugin-utils: 0.2.5
    optionalDependencies:
      typescript: 5.9.3
    transitivePeerDependencies:
      - supports-color

  unplugin-unused@0.4.4:
    dependencies:
      js-tokens: 9.0.1
      picocolors: 1.1.1
      pkg-types: 2.3.1
      unplugin: 2.3.11
      unplugin-utils: 0.2.5

  unplugin-utils@0.2.5:
    dependencies:
      pathe: 2.0.3
      picomatch: 4.0.4

  unplugin@2.3.11:
    dependencies:
      '@jridgewell/remapping': 2.3.5
      acorn: 8.16.0
      picomatch: 4.0.4
      webpack-virtual-modules: 0.6.2

  webpack-virtual-modules@0.6.2: {}
